
Microsoft Visual Studio Solution File, Format Version 12.00
# Visual Studio Version 17
VisualStudioVersion = 17.0.31919.166
MinimumVisualStudioVersion = 10.0.40219.1
Project("{9A19103F-16F7-4668-BE54-9A1E7A4F7556}") = "Shion", "Shion\Shion.csproj", "{2C527EB8-29C0-4383-A292-C2D3A81C1F9F}"
EndProject
Global
	GlobalSection(SolutionConfigurationPlatforms) = preSolution
		Debug|Any CPU = Debug|Any CPU
		Release|Any CPU = Release|Any CPU
	EndGlobalSection
	GlobalSection(ProjectConfigurationPlatforms) = postSolution
		{2C527EB8-29C0-4383-A292-C2D3A81C1F9F}.Debug|Any CPU.ActiveCfg = Debug|Any CPU
		{2C527EB8-29C0-4383-A292-C2D3A81C1F9F}.Debug|Any CPU.Build.0 = Debug|Any CPU
		{2C527EB8-29C0-4383-A292-C2D3A81C1F9F}.Release|Any CPU.ActiveCfg = Release|Any CPU
		{2C527EB8-29C0-4383-A292-C2D3A81C1F9F}.Release|Any CPU.Build.0 = Release|Any CPU
	EndGlobalSection
	GlobalSection(SolutionProperties) = preSolution
		HideSolutionNode = FALSE
	EndGlobalSection
	GlobalSection(ExtensibilityGlobals) = postSolution
		SolutionGuid = {BB757EFD-E16E-4A12-B04A-D5620E8E4345}
	EndGlobalSection
EndGlobal
